
Microsoft Visual Studio Solution File, Format Version 12.00
# Visual Studio 15
VisualStudioVersion = 15.0.27004.2010
MinimumVisualStudioVersion = 10.0.40219.1
Project("{FAE04EC0-301F-11D3-BF4B-00C04F79EFBC}") = "ToggleMute", "ToggleMute\ToggleMute.csproj", "{D9249E6E-31E3-4BC8-B16C-6E066A2A593D}"
EndProject
Global
	GlobalSection(SolutionConfigurationPlatforms) = preSolution
		Debug|Any CPU = Debug|Any CPU
		Release|Any CPU = Release|Any CPU
	EndGlobalSection
	GlobalSection(ProjectConfigurationPlatforms) = postSolution
		{D9249E6E-31E3-4BC8-B16C-6E066A2A593D}.Debug|Any CPU.ActiveCfg = Debug|Any CPU
		{D9249E6E-31E3-4BC8-B16C-6E066A2A593D}.Debug|Any CPU.Build.0 = Debug|Any CPU
		{D9249E6E-31E3-4BC8-B16C-6E066A2A593D}.Release|Any CPU.ActiveCfg = Release|Any CPU
		{D9249E6E-31E3-4BC8-B16C-6E066A2A593D}.Release|Any CPU.Build.0 = Release|Any CPU
	EndGlobalSection
	GlobalSection(SolutionProperties) = preSolution
		HideSolutionNode = FALSE
	EndGlobalSection
	GlobalSection(ExtensibilityGlobals) = postSolution
		SolutionGuid = {31F6FEDC-A587-4D10-ACF5-8A2D60DE8E6B}
	EndGlobalSection
EndGlobal
